
Microsoft Visual Studio Solution File, Format Version 12.00
# Visual Studio Version 16
VisualStudioVersion = 16.0.30011.22
MinimumVisualStudioVersion = 10.0.40219.1
Project("{9A19103F-16F7-4668-BE54-9A1E7A4F7556}") = "Helpdesk.WebAPI", "Presentation\Helpdesk.WebAPI\Helpdesk.WebAPI.csproj", "{CE5672B1-8590-4DA0-99A8-991A7A3E81BD}"
EndProject
Project("{2150E333-8FDC-42A3-9474-1A3956D46DE8}") = "Docs", "Docs", "{DFCE8AA7-664C-484D-811B-A306A4E68392}"
EndProject
Project("{2150E333-8FDC-42A3-9474-1A3956D46DE8}") = "Libraries", "Libraries", "{40FB2555-799C-46BA-AF6D-380835219504}"
EndProject
Project("{2150E333-8FDC-42A3-9474-1A3956D46DE8}") = "Presentation", "Presentation", "{EA79AFFB-D8B7-4DF1-A451-714E37980DC8}"
EndProject
Project("{9A19103F-16F7-4668-BE54-9A1E7A4F7556}") = "Persistence", "Libraries\Persistence\Persistence.csproj", "{87F22B11-3C85-4C80-B243-B93A1DF64BAC}"
EndProject
Project("{9A19103F-16F7-4668-BE54-9A1E7A4F7556}") = "Application", "Libraries\Application\Application.csproj", "{76FD3F8A-13DD-4968-93E1-D25C581870F1}"
EndProject
Project("{FAE04EC0-301F-11D3-BF4B-00C04F79EFBC}") = "Common", "Libraries\Common\Common.csproj", "{6F7C4FD0-79CF-47C4-8D9C-F9E472B4001E}"
EndProject
Project("{FAE04EC0-301F-11D3-BF4B-00C04F79EFBC}") = "Infrastructure", "Libraries\Infrastructure\Infrastructure.csproj", "{47560FCD-1822-4A6F-B7A8-9748D431D8FA}"
EndProject
Global
	GlobalSection(SolutionConfigurationPlatforms) = preSolution
		Debug|Any CPU = Debug|Any CPU
		Release|Any CPU = Release|Any CPU
	EndGlobalSection
	GlobalSection(ProjectConfigurationPlatforms) = postSolution
		{CE5672B1-8590-4DA0-99A8-991A7A3E81BD}.Debug|Any CPU.ActiveCfg = Debug|Any CPU
		{CE5672B1-8590-4DA0-99A8-991A7A3E81BD}.Debug|Any CPU.Build.0 = Debug|Any CPU
		{CE5672B1-8590-4DA0-99A8-991A7A3E81BD}.Release|Any CPU.ActiveCfg = Release|Any CPU
		{CE5672B1-8590-4DA0-99A8-991A7A3E81BD}.Release|Any CPU.Build.0 = Release|Any CPU
		{87F22B11-3C85-4C80-B243-B93A1DF64BAC}.Debug|Any CPU.ActiveCfg = Debug|Any CPU
		{87F22B11-3C85-4C80-B243-B93A1DF64BAC}.Debug|Any CPU.Build.0 = Debug|Any CPU
		{87F22B11-3C85-4C80-B243-B93A1DF64BAC}.Release|Any CPU.ActiveCfg = Release|Any CPU
		{87F22B11-3C85-4C80-B243-B93A1DF64BAC}.Release|Any CPU.Build.0 = Release|Any CPU
		{76FD3F8A-13DD-4968-93E1-D25C581870F1}.Debug|Any CPU.ActiveCfg = Debug|Any CPU
		{76FD3F8A-13DD-4968-93E1-D25C581870F1}.Debug|Any CPU.Build.0 = Debug|Any CPU
		{76FD3F8A-13DD-4968-93E1-D25C581870F1}.Release|Any CPU.ActiveCfg = Release|Any CPU
		{76FD3F8A-13DD-4968-93E1-D25C581870F1}.Release|Any CPU.Build.0 = Release|Any CPU
		{6F7C4FD0-79CF-47C4-8D9C-F9E472B4001E}.Debug|Any CPU.ActiveCfg = Debug|Any CPU
		{6F7C4FD0-79CF-47C4-8D9C-F9E472B4001E}.Debug|Any CPU.Build.0 = Debug|Any CPU
		{6F7C4FD0-79CF-47C4-8D9C-F9E472B4001E}.Release|Any CPU.ActiveCfg = Release|Any CPU
		{6F7C4FD0-79CF-47C4-8D9C-F9E472B4001E}.Release|Any CPU.Build.0 = Release|Any CPU
		{47560FCD-1822-4A6F-B7A8-9748D431D8FA}.Debug|Any CPU.ActiveCfg = Debug|Any CPU
		{47560FCD-1822-4A6F-B7A8-9748D431D8FA}.Debug|Any CPU.Build.0 = Debug|Any CPU
		{47560FCD-1822-4A6F-B7A8-9748D431D8FA}.Release|Any CPU.ActiveCfg = Release|Any CPU
		{47560FCD-1822-4A6F-B7A8-9748D431D8FA}.Release|Any CPU.Build.0 = Release|Any CPU
	EndGlobalSection
	GlobalSection(SolutionProperties) = preSolution
		HideSolutionNode = FALSE
	EndGlobalSection
	GlobalSection(NestedProjects) = preSolution
		{CE5672B1-8590-4DA0-99A8-991A7A3E81BD} = {EA79AFFB-D8B7-4DF1-A451-714E37980DC8}
		{87F22B11-3C85-4C80-B243-B93A1DF64BAC} = {40FB2555-799C-46BA-AF6D-380835219504}
		{76FD3F8A-13DD-4968-93E1-D25C581870F1} = {40FB2555-799C-46BA-AF6D-380835219504}
		{6F7C4FD0-79CF-47C4-8D9C-F9E472B4001E} = {40FB2555-799C-46BA-AF6D-380835219504}
		{47560FCD-1822-4A6F-B7A8-9748D431D8FA} = {40FB2555-799C-46BA-AF6D-380835219504}
	EndGlobalSection
	GlobalSection(ExtensibilityGlobals) = postSolution
		SolutionGuid = {5A0161C7-7D33-493D-AFBC-56A60AB0F669}
	EndGlobalSection
EndGlobal
